
Microsoft Visual Studio Solution File, Format Version 12.00
# Visual Studio Version 17
VisualStudioVersion = 17.0.31903.59
MinimumVisualStudioVersion = 10.0.40219.1
Project("{FAE04EC0-301F-11D3-BF4B-00C04F79EFBC}") = "RAW-UK", "RAW-UK\RAW-UK.csproj", "{5D2BF8DB-EE71-49FA-AD36-34CA873B759F}"
EndProject
Project("{FAE04EC0-301F-11D3-BF4B-00C04F79EFBC}") = "RAW-UK.Model", "RAW-UK.Model\RAW-UK.Model.csproj", "{30C7678A-FB37-4DB8-9581-21CFF731EBF5}"
EndProject
Project("{FAE04EC0-301F-11D3-BF4B-00C04F79EFBC}") = "RAW-UK.UI", "RAW-UK.UI\RAW-UK.UI.csproj", "{8ED8A173-E415-4178-BB24-322C91D165BB}"
EndProject
Global
	GlobalSection(SolutionConfigurationPlatforms) = preSolution
		Debug|Any CPU = Debug|Any CPU
		Release|Any CPU = Release|Any CPU
	EndGlobalSection
	GlobalSection(ProjectConfigurationPlatforms) = postSolution
		{5D2BF8DB-EE71-49FA-AD36-34CA873B759F}.Debug|Any CPU.ActiveCfg = Debug|Any CPU
		{5D2BF8DB-EE71-49FA-AD36-34CA873B759F}.Debug|Any CPU.Build.0 = Debug|Any CPU
		{5D2BF8DB-EE71-49FA-AD36-34CA873B759F}.Release|Any CPU.ActiveCfg = Release|Any CPU
		{5D2BF8DB-EE71-49FA-AD36-34CA873B759F}.Release|Any CPU.Build.0 = Release|Any CPU
		{30C7678A-FB37-4DB8-9581-21CFF731EBF5}.Debug|Any CPU.ActiveCfg = Debug|Any CPU
		{30C7678A-FB37-4DB8-9581-21CFF731EBF5}.Debug|Any CPU.Build.0 = Debug|Any CPU
		{30C7678A-FB37-4DB8-9581-21CFF731EBF5}.Release|Any CPU.ActiveCfg = Release|Any CPU
		{30C7678A-FB37-4DB8-9581-21CFF731EBF5}.Release|Any CPU.Build.0 = Release|Any CPU
		{8ED8A173-E415-4178-BB24-322C91D165BB}.Debug|Any CPU.ActiveCfg = Debug|Any CPU
		{8ED8A173-E415-4178-BB24-322C91D165BB}.Debug|Any CPU.Build.0 = Debug|Any CPU
		{8ED8A173-E415-4178-BB24-322C91D165BB}.Release|Any CPU.ActiveCfg = Release|Any CPU
		{8ED8A173-E415-4178-BB24-322C91D165BB}.Release|Any CPU.Build.0 = Release|Any CPU
	EndGlobalSection
	GlobalSection(SolutionProperties) = preSolution
		HideSolutionNode = FALSE
	EndGlobalSection
EndGlobal
